lockfileVersion: '9.0'

settings:
  autoInstallPeers: true
  excludeLinksFromLockfile: false

importers:

  .:
    devDependencies:
      '@types/node':
        specifier: ^22.0.0
        version: 22.19.7
      oxfmt:
        specifier: ^0.26.0
        version: 0.26.0
      oxlint:
        specifier: ^1.41.0
        version: 1.41.0
      typescript:
        specifier: ^5.8.3
        version: 5.9.3

packages:

  '@oxfmt/darwin-arm64@0.26.0':
    resolution: {integrity: sha512-AAGc+8CffkiWeVgtWf4dPfQwHEE5c/j/8NWH7VGVxxJRCZFdmWcqCXprvL2H6qZFewvDLrFbuSPRCqYCpYGaTQ==}
    cpu: [arm64]
    os: [darwin]

  '@oxfmt/darwin-x64@0.26.0':
    resolution: {integrity: sha512-xFx5ijCTjw577wJvFlZEMmKDnp3HSCcbYdCsLRmC5i3TZZiDe9DEYh3P46uqhzj8BkEw1Vm1ZCWdl48aEYAzvQ==}
    cpu: [x64]
    os: [darwin]

  '@oxfmt/linux-arm64-gnu@0.26.0':
    resolution: {integrity: sha512-GubkQeQT5d3B/Jx/IiR7NMkSmXrCZcVI0BPh1i7mpFi8HgD1hQ/LbhiBKAMsMqs5bbugdQOgBEl8bOhe8JhW1g==}
    cpu: [arm64]
    os: [linux]

  '@oxfmt/linux-arm64-musl@0.26.0':
    resolution: {integrity: sha512-OEypUwK69bFPj+aa3/LYCnlIUPgoOLu//WNcriwpnWNmt47808Ht7RJSg+MNK8a7pSZHpXJ5/E6CRK/OTwFdaQ==}
    cpu: [arm64]
    os: [linux]

  '@oxfmt/linux-x64-gnu@0.26.0':
    resolution: {integrity: sha512-xO6iEW2bC6ZHyOTPmPWrg/nM6xgzyRPaS84rATy6F8d79wz69LdRdJ3l/PXlkqhi7XoxhvX4ExysA0Nf10ZZEQ==}
    cpu: [x64]
    os: [linux]

  '@oxfmt/linux-x64-musl@0.26.0':
    resolution: {integrity: sha512-Z3KuZFC+MIuAyFCXBHY71kCsdRq1ulbsbzTe71v+hrEv7zVBn6yzql+/AZcgfIaKzWO9OXNuz5WWLWDmVALwow==}
    cpu: [x64]
    os: [linux]

  '@oxfmt/win32-arm64@0.26.0':
    resolution: {integrity: sha512-3zRbqwVWK1mDhRhTknlQFpRFL9GhEB5GfU6U7wawnuEwpvi39q91kJ+SRJvJnhyPCARkjZBd1V8XnweN5IFd1g==}
    cpu: [arm64]
    os: [win32]

  '@oxfmt/win32-x64@0.26.0':
    resolution: {integrity: sha512-m8TfIljU22i9UEIkD+slGPifTFeaCwIUfxszN3E6ABWP1KQbtwSw9Ak0TdoikibvukF/dtbeyG3WW63jv9DnEg==}
    cpu: [x64]
    os: [win32]

  '@oxlint/darwin-arm64@1.41.0':
    resolution: {integrity: sha512-K0Bs0cNW11oWdSrKmrollKF44HMM2HKr4QidZQHMlhJcSX8pozxv0V5FLdqB4sddzCY0J9Wuuw+oRAfR8sdRwA==}
    cpu: [arm64]
    os: [darwin]

  '@oxlint/darwin-x64@1.41.0':
    resolution: {integrity: sha512-1LCCXCe9nN8LbrJ1QOGari2HqnxrZrveYKysWDIg8gFsQglIg00XF/8lRbA0kWHMdLgt4X0wfNYhhFz+c3XXLQ==}
    cpu: [x64]
    os: [darwin]

  '@oxlint/linux-arm64-gnu@1.41.0':
    resolution: {integrity: sha512-Fow7H84Bs8XxuaK1yfSEWBC8HI7rfEQB9eR2A0J61un1WgCas7jNrt1HbT6+p6KmUH2bhR+r/RDu/6JFAvvj4g==}
    cpu: [arm64]
    os: [linux]

  '@oxlint/linux-arm64-musl@1.41.0':
    resolution: {integrity: sha512-WoRRDNwgP5W3rjRh42Zdx8ferYnqpKoYCv2QQLenmdrLjRGYwAd52uywfkcS45mKEWHeY1RPwPkYCSROXiGb2w==}
    cpu: [arm64]
    os: [linux]

  '@oxlint/linux-x64-gnu@1.41.0':
    resolution: {integrity: sha512-75k3CKj3fOc/a/2aSgO81s3HsTZOFROthPJ+UI2Oatic1LhvH6eKjKfx3jDDyVpzeDS2qekPlc/y3N33iZz5Og==}
    cpu: [x64]
    os: [linux]

  '@oxlint/linux-x64-musl@1.41.0':
    resolution: {integrity: sha512-8r82eBwGPoAPn67ZvdxTlX/Z3gVb+ZtN6nbkyFzwwHWAh8yGutX+VBcVkyrePSl6XgBP4QAaddPnHmkvJjqY0g==}
    cpu: [x64]
    os: [linux]

  '@oxlint/win32-arm64@1.41.0':
    resolution: {integrity: sha512-aK+DAcckQsNCOXKruatyYuY/ROjNiRejQB1PeJtkZwM21+8rV9ODYbvKNvt0pW+YCws7svftBSFMCpl3ke2unw==}
    cpu: [arm64]
    os: [win32]

  '@oxlint/win32-x64@1.41.0':
    resolution: {integrity: sha512-dVBXkZ6MGLd3owV7jvuqJsZwiF3qw7kEkDVsYVpS/O96eEvlHcxVbaPjJjrTBgikXqyC22vg3dxBU7MW0utGfw==}
    cpu: [x64]
    os: [win32]

  '@types/node@22.19.7':
    resolution: {integrity: sha512-MciR4AKGHWl7xwxkBa6xUGxQJ4VBOmPTF7sL+iGzuahOFaO0jHCsuEfS80pan1ef4gWId1oWOweIhrDEYLuaOw==}

  oxfmt@0.26.0:
    resolution: {integrity: sha512-UDD1wFNwfeorMm2ZY0xy1KRAAvJ5NjKBfbDmiMwGP7baEHTq65cYpC0aPP+BGHc8weXUbSZaK8MdGyvuRUvS4Q==}
    engines: {node: ^20.19.0 || >=22.12.0}
    hasBin: true

  oxlint@1.41.0:
    resolution: {integrity: sha512-Dyaoup82uhgAgp5xLNt4dPdvl5eSJTIzqzL7DcKbkooUE4PDViWURIPlSUF8hu5a+sCnNIp/LlQMDsKoyaLTBA==}
    engines: {node: ^20.19.0 || >=22.12.0}
    hasBin: true
    peerDependencies:
      oxlint-tsgolint: '>=0.11.1'
    peerDependenciesMeta:
      oxlint-tsgolint:
        optional: true

  tinypool@2.0.0:
    resolution: {integrity: sha512-/RX9RzeH2xU5ADE7n2Ykvmi9ED3FBGPAjw9u3zucrNNaEBIO0HPSYgL0NT7+3p147ojeSdaVu08F6hjpv31HJg==}
    engines: {node: ^20.0.0 || >=22.0.0}

  typescript@5.9.3:
    resolution: {integrity: sha512-jl1vZzPDinLr9eUt3J/t7V6FgNEw9QjvBPdysz9KfQDD41fQrC2Y4vKQdiaUpFT4bXlb1RHhLpp8wtm6M5TgSw==}
    engines: {node: '>=14.17'}
    hasBin: true

  undici-types@6.21.0:
    resolution: {integrity: sha512-iwDZqg0QAGrg9Rav5H4n0M64c3mkR59cJ6wQp+7C4nI0gsmExaedaYLNO44eT4AtBBwjbTiGPMlt2Md0T9H9JQ==}

snapshots:

  '@oxfmt/darwin-arm64@0.26.0':
    optional: true

  '@oxfmt/darwin-x64@0.26.0':
    optional: true

  '@oxfmt/linux-arm64-gnu@0.26.0':
    optional: true

  '@oxfmt/linux-arm64-musl@0.26.0':
    optional: true

  '@oxfmt/linux-x64-gnu@0.26.0':
    optional: true

  '@oxfmt/linux-x64-musl@0.26.0':
    optional: true

  '@oxfmt/win32-arm64@0.26.0':
    optional: true

  '@oxfmt/win32-x64@0.26.0':
    optional: true

  '@oxlint/darwin-arm64@1.41.0':
    optional: true

  '@oxlint/darwin-x64@1.41.0':
    optional: true

  '@oxlint/linux-arm64-gnu@1.41.0':
    optional: true

  '@oxlint/linux-arm64-musl@1.41.0':
    optional: true

  '@oxlint/linux-x64-gnu@1.41.0':
    optional: true

  '@oxlint/linux-x64-musl@1.41.0':
    optional: true

  '@oxlint/win32-arm64@1.41.0':
    optional: true

  '@oxlint/win32-x64@1.41.0':
    optional: true

  '@types/node@22.19.7':
    dependencies:
      undici-types: 6.21.0

  oxfmt@0.26.0:
    dependencies:
      tinypool: 2.0.0
    optionalDependencies:
      '@oxfmt/darwin-arm64': 0.26.0
      '@oxfmt/darwin-x64': 0.26.0
      '@oxfmt/linux-arm64-gnu': 0.26.0
      '@oxfmt/linux-arm64-musl': 0.26.0
      '@oxfmt/linux-x64-gnu': 0.26.0
      '@oxfmt/linux-x64-musl': 0.26.0
      '@oxfmt/win32-arm64': 0.26.0
      '@oxfmt/win32-x64': 0.26.0

  oxlint@1.41.0:
    optionalDependencies:
      '@oxlint/darwin-arm64': 1.41.0
      '@oxlint/darwin-x64': 1.41.0
      '@oxlint/linux-arm64-gnu': 1.41.0
      '@oxlint/linux-arm64-musl': 1.41.0
      '@oxlint/linux-x64-gnu': 1.41.0
      '@oxlint/linux-x64-musl': 1.41.0
      '@oxlint/win32-arm64': 1.41.0
      '@oxlint/win32-x64': 1.41.0

  tinypool@2.0.0: {}

  typescript@5.9.3: {}

  undici-types@6.21.0: {}
